// !$*UTF8*$!
{
	archiveVersion = 1;
	classes = {
	};
	objectVersion = 55;
	objects = {

/* Begin PBXBuildFile section */
		0BCDA44127CC4EE30076A987 /* AppDelegate.swift in Sources */ = {isa = PBXBuildFile; fileRef = 0BCDA44027CC4EE30076A987 /* AppDelegate.swift */; };
		0BCDA44327CC4EE30076A987 /* SceneDelegate.swift in Sources */ = {isa = PBXBuildFile; fileRef = 0BCDA44227CC4EE30076A987 /* SceneDelegate.swift */; };
		0BCDA44527CC4EE30076A987 /* ViewController.swift in Sources */ = {isa = PBXBuildFile; fileRef = 0BCDA44427CC4EE30076A987 /* ViewController.swift */; };
		0BCDA44827CC4EE30076A987 /* Main.storyboard in Resources */ = {isa = PBXBuildFile; fileRef = 0BCDA44627CC4EE30076A987 /* Main.storyboard */; };
		0BCDA44A27CC4EE60076A987 /* Assets.xcassets in Resources */ = {isa = PBXBuildFile; fileRef = 0BCDA44927CC4EE60076A987 /* Assets.xcassets */; };
		0BCDA44D27CC4EE60076A987 /* LaunchScreen.storyboard in Resources */ = {isa = PBXBuildFile; fileRef = 0BCDA44B27CC4EE60076A987 /* LaunchScreen.storyboard */; };
		0BCDA45827CC4EE70076A987 /* CodePathiOSClassAssignment1Tests.swift in Sources */ = {isa = PBXBuildFile; fileRef = 0BCDA45727CC4EE70076A987 /* CodePathiOSClassAssignment1Tests.swift */; };
		0BCDA46227CC4EE70076A987 /* CodePathiOSClassAssignment1UITests.swift in Sources */ = {isa = PBXBuildFile; fileRef = 0BCDA46127CC4EE70076A987 /* CodePathiOSClassAssignment1UITests.swift */; };
		0BCDA46427CC4EE70076A987 /* CodePathiOSClassAssignment1UITestsLaunchTests.swift in Sources */ = {isa = PBXBuildFile; fileRef = 0BCDA46327CC4EE70076A987 /* CodePathiOSClassAssignment1UITestsLaunchTests.swift */; };
/* End PBXBuildFile section */

/* Begin PBXContainerItemProxy section */
		0BCDA45427CC4EE70076A987 /* PBXContainerItemProxy */ = {
			isa = PBXContainerItemProxy;
			containerPortal = 0BCDA43527CC4EE30076A987 /* Project object */;
			proxyType = 1;
			remoteGlobalIDString = 0BCDA43C27CC4EE30076A987;
			remoteInfo = CodePathiOSClassAssignment1;
		};
		0BCDA45E27CC4EE70076A987 /* PBXContainerItemProxy */ = {
			isa = PBXContainerItemProxy;
			containerPortal = 0BCDA43527CC4EE30076A987 /* Project object */;
			proxyType = 1;
			remoteGlobalIDString = 0BCDA43C27CC4EE30076A987;
			remoteInfo = CodePathiOSClassAssignment1;
		};
/* End PBXContainerItemProxy section */

/* Begin PBXFileReference section */
		0BCDA43D27CC4EE30076A987 /* CodePathiOSClassAssignment1.app */ = {isa = PBXFileReference; explicitFileType = wrapper.application; includeInIndex = 0; path = CodePathiOSClassAssignment1.app; sourceTree = BUILT_PRODUCTS_DIR; };
		0BCDA44027CC4EE30076A987 /* AppDelegate.swift */ = {isa = PBXFileReference; lastKnownFileType = sourcecode.swift; path = AppDelegate.swift; sourceTree = "<group>"; };
		0BCDA44227CC4EE30076A987 /* SceneDelegate.swift */ = {isa = PBXFileReference; lastKnownFileType = sourcecode.swift; path = SceneDelegate.swift; sourceTree = "<group>"; };
		0BCDA44427CC4EE30076A987 /* ViewController.swift */ = {isa = PBXFileReference; lastKnownFileType = sourcecode.swift; path = ViewController.swift; sourceTree = "<group>"; };
		0BCDA44727CC4EE30076A987 /* Base */ = {isa = PBXFileReference; lastKnownFileType = file.storyboard; name = Base; path = Base.lproj/Main.storyboard; sourceTree = "<group>"; };
		0BCDA44927CC4EE60076A987 /* Assets.xcassets */ = {isa = PBXFileReference; lastKnownFileType = folder.assetcatalog; path = Assets.xcassets; sourceTree = "<group>"; };
		0BCDA44C27CC4EE60076A987 /* Base */ = {isa = PBXFileReference; lastKnownFileType = file.storyboard; name = Base; path = Base.lproj/LaunchScreen.storyboard; sourceTree = "<group>"; };
		0BCDA44E27CC4EE60076A987 /* Info.plist */ = {isa = PBXFileReference; lastKnownFileType = text.plist.xml; path = Info.plist; sourceTree = "<group>"; };
		0BCDA45327CC4EE70076A987 /* CodePathiOSClassAssignment1Tests.xctest */ = {isa = PBXFileReference; explicitFileType = wrapper.cfbundle; includeInIndex = 0; path = CodePathiOSClassAssignment1Tests.xctest; sourceTree = BUILT_PRODUCTS_DIR; };
		0BCDA45727CC4EE70076A987 /* CodePathiOSClassAssignment1Tests.swift */ = {isa = PBXFileReference; lastKnownFileType = sourcecode.swift; path = CodePathiOSClassAssignment1Tests.swift; sourceTree = "<group>"; };
		0BCDA45D27CC4EE70076A987 /* CodePathiOSClassAssignment1UITests.xctest */ = {isa = PBXFileReference; explicitFileType = wrapper.cfbundle; includeInIndex = 0; path = CodePathiOSClassAssignment1UITests.xctest; sourceTree = BUILT_PRODUCTS_DIR; };
		0BCDA46127CC4EE70076A987 /* CodePathiOSClassAssignment1UITests.swift */ = {isa = PBXFileReference; lastKnownFileType = sourcecode.swift; path = CodePathiOSClassAssignment1UITests.swift; sourceTree = "<group>"; };
		0BCDA46327CC4EE70076A987 /* CodePathiOSClassAssignment1UITestsLaunchTests.swift */ = {isa = PBXFileReference; lastKnownFileType = sourcecode.swift; path = CodePathiOSClassAssignment1UITestsLaunchTests.swift; sourceTree = "<group>"; };
/* End PBXFileReference section */

/* Begin PBXFrameworksBuildPhase section */
		0BCDA43A27CC4EE30076A987 /* Frameworks */ = {
			isa = PBXFrameworksBuildPhase;
			buildActionMask = 2147483647;
			files = (
			);
			runOnlyForDeploymentPostprocessing = 0;
		};
		0BCDA45027CC4EE70076A987 /* Frameworks */ = {
			isa = PBXFrameworksBuildPhase;
			buildActionMask = 2147483647;
			files = (
			);
			runOnlyForDeploymentPostprocessing = 0;
		};
		0BCDA45A27CC4EE70076A987 /* Frameworks */ = {
			isa = PBXFrameworksBuildPhase;
			buildActionMask = 2147483647;
			files = (
			);
			runOnlyForDeploymentPostprocessing = 0;
		};
/* End PBXFrameworksBuildPhase section */

/* Begin PBXGroup section */
		0BCDA43427CC4EE30076A987 = {
			isa = PBXGroup;
			children = (
				0BCDA43F27CC4EE30076A987 /* CodePathiOSClassAssignment1 */,
				0BCDA45627CC4EE70076A987 /* CodePathiOSClassAssignment1Tests */,
				0BCDA46027CC4EE70076A987 /* CodePathiOSClassAssignment1UITests */,
				0BCDA43E27CC4EE30076A987 /* Products */,
			);
			sourceTree = "<group>";
		};
		0BCDA43E27CC4EE30076A987 /* Products */ = {
			isa = PBXGroup;
			children = (
				0BCDA43D27CC4EE30076A987 /* CodePathiOSClassAssignment1.app */,
				0BCDA45327CC4EE70076A987 /* CodePathiOSClassAssignment1Tests.xctest */,
				0BCDA45D27CC4EE70076A987 /* CodePathiOSClassAssignment1UITests.xctest */,
			);
			name = Products;
			sourceTree = "<group>";
		};
		0BCDA43F27CC4EE30076A987 /* CodePathiOSClassAssignment1 */ = {
			isa = PBXGroup;
			children = (
				0BCDA44027CC4EE30076A987 /* AppDelegate.swift */,
				0BCDA44227CC4EE30076A987 /* SceneDelegate.swift */,
				0BCDA44427CC4EE30076A987 /* ViewController.swift */,
				0BCDA44627CC4EE30076A987 /* Main.storyboard */,
				0BCDA44927CC4EE60076A987 /* Assets.xcassets */,
				0BCDA44B27CC4EE60076A987 /* LaunchScreen.storyboard */,
				0BCDA44E27CC4EE60076A987 /* Info.plist */,
			);
			path = CodePathiOSClassAssignment1;
			sourceTree = "<group>";
		};
		0BCDA45627CC4EE70076A987 /* CodePathiOSClassAssignment1Tests */ = {
			isa = PBXGroup;
			children = (
				0BCDA45727CC4EE70076A987 /* CodePathiOSClassAssignment1Tests.swift */,
			);
			path = CodePathiOSClassAssignment1Tests;
			sourceTree = "<group>";
		};
		0BCDA46027CC4EE70076A987 /* CodePathiOSClassAssignment1UITests */ = {
			isa = PBXGroup;
			children = (
				0BCDA46127CC4EE70076A987 /* CodePathiOSClassAssignment1UITests.swift */,
				0BCDA46327CC4EE70076A987 /* CodePathiOSClassAssignment1UITestsLaunchTests.swift */,
			);
			path = CodePathiOSClassAssignment1UITests;
			sourceTree = "<group>";
		};
/* End PBXGroup section */

/* Begin PBXNativeTarget section */
		0BCDA43C27CC4EE30076A987 /* CodePathiOSClassAssignment1 */ = {
			isa = PBXNativeTarget;
			buildConfigurationList = 0BCDA46727CC4EE70076A987 /* Build configuration list for PBXNativeTarget "CodePathiOSClassAssignment1" */;
			buildPhases = (
				0BCDA43927CC4EE30076A987 /* Sources */,
				0BCDA43A27CC4EE30076A987 /* Frameworks */,
				0BCDA43B27CC4EE30076A987 /* Resources */,
			);
			buildRules = (
			);
			dependencies = (
			);
			name = CodePathiOSClassAssignment1;
			productName = CodePathiOSClassAssignment1;
			productReference = 0BCDA43D27CC4EE30076A987 /* CodePathiOSClassAssignment1.app */;
			productType = "com.apple.product-type.application";
		};
		0BCDA45227CC4EE70076A987 /* CodePathiOSClassAssignment1Tests */ = {
			isa = PBXNativeTarget;
			buildConfigurationList = 0BCDA46A27CC4EE70076A987 /* Build configuration list for PBXNativeTarget "CodePathiOSClassAssignment1Tests" */;
			buildPhases = (
				0BCDA44F27CC4EE70076A987 /* Sources */,
				0BCDA45027CC4EE70076A987 /* Frameworks */,
				0BCDA45127CC4EE70076A987 /* Resources */,
			);
			buildRules = (
			);
			dependencies = (
				0BCDA45527CC4EE70076A987 /* PBXTargetDependency */,
			);
			name = CodePathiOSClassAssignment1Tests;
			productName = CodePathiOSClassAssignment1Tests;
			productReference = 0BCDA45327CC4EE70076A987 /* CodePathiOSClassAssignment1Tests.xctest */;
			productType = "com.apple.product-type.bundle.unit-test";
		};
		0BCDA45C27CC4EE70076A987 /* CodePathiOSClassAssignment1UITests */ = {
			isa = PBXNativeTarget;
			buildConfigurationList = 0BCDA46D27CC4EE70076A987 /* Build configuration list for PBXNativeTarget "CodePathiOSClassAssignment1UITests" */;
			buildPhases = (
				0BCDA45927CC4EE70076A987 /* Sources */,
				0BCDA45A27CC4EE70076A987 /* Frameworks */,
				0BCDA45B27CC4EE70076A987 /* Resources */,
			);
			buildRules = (
			);
			dependencies = (
				0BCDA45F27CC4EE70076A987 /* PBXTargetDependency */,
			);
			name = CodePathiOSClassAssignment1UITests;
			productName = CodePathiOSClassAssignment1UITests;
			productReference = 0BCDA45D27CC4EE70076A987 /* CodePathiOSClassAssignment1UITests.xctest */;
			productType = "com.apple.product-type.bundle.ui-testing";
		};
/* End PBXNativeTarget section */

/* Begin PBXProject section */
		0BCDA43527CC4EE30076A987 /* Project object */ = {
			isa = PBXProject;
			attributes = {
				BuildIndependentTargetsInParallel = 1;
				LastSwiftUpdateCheck = 1320;
				LastUpgradeCheck = 1320;
				TargetAttributes = {
					0BCDA43C27CC4EE30076A987 = {
						CreatedOnToolsVersion = 13.2.1;
					};
					0BCDA45227CC4EE70076A987 = {
						CreatedOnToolsVersion = 13.2.1;
						TestTargetID = 0BCDA43C27CC4EE30076A987;
					};
					0BCDA45C27CC4EE70076A987 = {
						CreatedOnToolsVersion = 13.2.1;
						TestTargetID = 0BCDA43C27CC4EE30076A987;
					};
				};
			};
			buildConfigurationList = 0BCDA43827CC4EE30076A987 /* Build configuration list for PBXProject "CodePathiOSClassAssignment1" */;
			compatibilityVersion = "Xcode 13.0";
			developmentRegion = en;
			hasScannedForEncodings = 0;
			knownRegions = (
				en,
				Base,
			);
			mainGroup = 0BCDA43427CC4EE30076A987;
			productRefGroup = 0BCDA43E27CC4EE30076A987 /* Products */;
			projectDirPath = "";
			projectRoot = "";
			targets = (
				0BCDA43C27CC4EE30076A987 /* CodePathiOSClassAssignment1 */,
				0BCDA45227CC4EE70076A987 /* CodePathiOSClassAssignment1Tests */,
				0BCDA45C27CC4EE70076A987 /* CodePathiOSClassAssignment1UITests */,
			);
		};
/* End PBXProject section */

/* Begin PBXResourcesBuildPhase section */
		0BCDA43B27CC4EE30076A987 /* Resources */ = {
			isa = PBXResourcesBuildPhase;
			buildActionMask = 2147483647;
			files = (
				0BCDA44D27CC4EE60076A987 /* LaunchScreen.storyboard in Resources */,
				0BCDA44A27CC4EE60076A987 /* Assets.xcassets in Resources */,
				0BCDA44827CC4EE30076A987 /* Main.storyboard in Resources */,
			);
			runOnlyForDeploymentPostprocessing = 0;
		};
		0BCDA45127CC4EE70076A987 /* Resources */ = {
			isa = PBXResourcesBuildPhase;
			buildActionMask = 2147483647;
			files = (
			);
			runOnlyForDeploymentPostprocessing = 0;
		};
		0BCDA45B27CC4EE70076A987 /* Resources */ = {
			isa = PBXResourcesBuildPhase;
			buildActionMask = 2147483647;
			files = (
			);
			runOnlyForDeploymentPostprocessing = 0;
		};
/* End PBXResourcesBuildPhase section */

/* Begin PBXSourcesBuildPhase section */
		0BCDA43927CC4EE30076A987 /* Sources */ = {
			isa = PBXSourcesBuildPhase;
			buildActionMask = 2147483647;
			files = (
				0BCDA44527CC4EE30076A987 /* ViewController.swift in Sources */,
				0BCDA44127CC4EE30076A987 /* AppDelegate.swift in Sources */,
				0BCDA44327CC4EE30076A987 /* SceneDelegate.swift in Sources */,
			);
			runOnlyForDeploymentPostprocessing = 0;
		};
		0BCDA44F27CC4EE70076A987 /* Sources */ = {
			isa = PBXSourcesBuildPhase;
			buildActionMask = 2147483647;
			files = (
				0BCDA45827CC4EE70076A987 /* CodePathiOSClassAssignment1Tests.swift in Sources */,
			);
			runOnlyForDeploymentPostprocessing = 0;
		};
		0BCDA45927CC4EE70076A987 /* Sources */ = {
			isa = PBXSourcesBuildPhase;
			buildActionMask = 2147483647;
			files = (
				0BCDA46427CC4EE70076A987 /* CodePathiOSClassAssignment1UITestsLaunchTests.swift in Sources */,
				0BCDA46227CC4EE70076A987 /* CodePathiOSClassAssignment1UITests.swift in Sources */,
			);
			runOnlyForDeploymentPostprocessing = 0;
		};
/* End PBXSourcesBuildPhase section */

/* Begin PBXTargetDependency section */
		0BCDA45527CC4EE70076A987 /* PBXTargetDependency */ = {
			isa = PBXTargetDependency;
			target = 0BCDA43C27CC4EE30076A987 /* CodePathiOSClassAssignment1 */;
			targetProxy = 0BCDA45427CC4EE70076A987 /* PBXContainerItemProxy */;
		};
		0BCDA45F27CC4EE70076A987 /* PBXTargetDependency */ = {
			isa = PBXTargetDependency;
			target = 0BCDA43C27CC4EE30076A987 /* CodePathiOSClassAssignment1 */;
			targetProxy = 0BCDA45E27CC4EE70076A987 /* PBXContainerItemProxy */;
		};
/* End PBXTargetDependency section */

/* Begin PBXVariantGroup section */
		0BCDA44627CC4EE30076A987 /* Main.storyboard */ = {
			isa = PBXVariantGroup;
			children = (
				0BCDA44727CC4EE30076A987 /* Base */,
			);
			name = Main.storyboard;
			sourceTree = "<group>";
		};
		0BCDA44B27CC4EE60076A987 /* LaunchScreen.storyboard */ = {
			isa = PBXVariantGroup;
			children = (
				0BCDA44C27CC4EE60076A987 /* Base */,
			);
			name = LaunchScreen.storyboard;
			sourceTree = "<group>";
		};
/* End PBXVariantGroup section */

/* Begin XCBuildConfiguration section */
		0BCDA46527CC4EE70076A987 /* Debug */ = {
			isa = XCBuildConfiguration;
			buildSettings = {
				ALWAYS_SEARCH_USER_PATHS = NO;
				CLANG_ANALYZER_NONNULL = YES;
				CLANG_ANALYZER_NUMBER_OBJECT_CONVERSION = YES_AGGRESSIVE;
				CLANG_CXX_LANGUAGE_STANDARD = "gnu++17";
				CLANG_CXX_LIBRARY = "libc++";
				CLANG_ENABLE_MODULES = YES;
				CLANG_ENABLE_OBJC_ARC = YES;
				CLANG_ENABLE_OBJC_WEAK = YES;
				CLANG_WARN_BLOCK_CAPTURE_AUTORELEASING = YES;
				CLANG_WARN_BOOL_CONVERSION = YES;
				CLANG_WARN_COMMA = YES;
				CLANG_WARN_CONSTANT_CONVERSION = YES;
				CLANG_WARN_DEPRECATED_OBJC_IMPLEMENTATIONS = YES;
				CLANG_WARN_DIRECT_OBJC_ISA_USAGE = YES_ERROR;
				CLANG_WARN_DOCUMENTATION_COMMENTS = YES;
				CLANG_WARN_EMPTY_BODY = YES;
				CLANG_WARN_ENUM_CONVERSION = YES;
				CLANG_WARN_INFINITE_RECURSION = YES;
				CLANG_WARN_INT_CONVERSION = YES;
				CLANG_WARN_NON_LITERAL_NULL_CONVERSION = YES;
				CLANG_WARN_OBJC_IMPLICIT_RETAIN_SELF = YES;
				CLANG_WARN_OBJC_LITERAL_CONVERSION = YES;
				CLANG_WARN_OBJC_ROOT_CLASS = YES_ERROR;
				CLANG_WARN_QUOTED_INCLUDE_IN_FRAMEWORK_HEADER = YES;
				CLANG_WARN_RANGE_LOOP_ANALYSIS = YES;
				CLANG_WARN_STRICT_PROTOTYPES = YES;
				CLANG_WARN_SUSPICIOUS_MOVE = YES;
				CLANG_WARN_UNGUARDED_AVAILABILITY = YES_AGGRESSIVE;
				CLANG_WARN_UNREACHABLE_CODE = YES;
				CLANG_WARN__DUPLICATE_METHOD_MATCH = YES;
				COPY_PHASE_STRIP = NO;
				DEBUG_INFORMATION_FORMAT = dwarf;
				ENABLE_STRICT_OBJC_MSGSEND = YES;
				ENABLE_TESTABILITY = YES;
				GCC_C_LANGUAGE_STANDARD = gnu11;
				GCC_DYNAMIC_NO_PIC = NO;
				GCC_NO_COMMON_BLOCKS = YES;
				GCC_OPTIMIZATION_LEVEL = 0;
				GCC_PREPROCESSOR_DEFINITIONS = (
					"DEBUG=1",
					"$(inherited)",
				);
				GCC_WARN_64_TO_32_BIT_CONVERSION = YES;
				GCC_WARN_ABOUT_RETURN_TYPE = YES_ERROR;
				GCC_WARN_UNDECLARED_SELECTOR = YES;
				GCC_WARN_UNINITIALIZED_AUTOS = YES_AGGRESSIVE;
				GCC_WARN_UNUSED_FUNCTION = YES;
				GCC_WARN_UNUSED_VARIABLE = YES;
				IPHONEOS_DEPLOYMENT_TARGET = 15.2;
				MTL_ENABLE_DEBUG_INFO = INCLUDE_SOURCE;
				MTL_FAST_MATH = YES;
				ONLY_ACTIVE_ARCH = YES;
				SDKROOT = iphoneos;
				SWIFT_ACTIVE_COMPILATION_CONDITIONS = DEBUG;
				SWIFT_OPTIMIZATION_LEVEL = "-Onone";
			};
			name = Debug;
		};
		0BCDA46627CC4EE70076A987 /* Release */ = {
			isa = XCBuildConfiguration;
			buildSettings = {
				ALWAYS_SEARCH_USER_PATHS = NO;
				CLANG_ANALYZER_NONNULL = YES;
				CLANG_ANALYZER_NUMBER_OBJECT_CONVERSION = YES_AGGRESSIVE;
				CLANG_CXX_LANGUAGE_STANDARD = "gnu++17";
				CLANG_CXX_LIBRARY = "libc++";
				CLANG_ENABLE_MODULES = YES;
				CLANG_ENABLE_OBJC_ARC = YES;
				CLANG_ENABLE_OBJC_WEAK = YES;
				CLANG_WARN_BLOCK_CAPTURE_AUTORELEASING = YES;
				CLANG_WARN_BOOL_CONVERSION = YES;
				CLANG_WARN_COMMA = YES;
				CLANG_WARN_CONSTANT_CONVERSION = YES;
				CLANG_WARN_DEPRECATED_OBJC_IMPLEMENTATIONS = YES;
				CLANG_WARN_DIRECT_OBJC_ISA_USAGE = YES_ERROR;
				CLANG_WARN_DOCUMENTATION_COMMENTS = YES;
				CLANG_WARN_EMPTY_BODY = YES;
				CLANG_WARN_ENUM_CONVERSION = YES;
				CLANG_WARN_INFINITE_RECURSION = YES;
				CLANG_WARN_INT_CONVERSION = YES;
				CLANG_WARN_NON_LITERAL_NULL_CONVERSION = YES;
				CLANG_WARN_OBJC_IMPLICIT_RETAIN_SELF = YES;
				CLANG_WARN_OBJC_LITERAL_CONVERSION = YES;
				CLANG_WARN_OBJC_ROOT_CLASS = YES_ERROR;
				CLANG_WARN_QUOTED_INCLUDE_IN_FRAMEWORK_HEADER = YES;
				CLANG_WARN_RANGE_LOOP_ANALYSIS = YES;
				CLANG_WARN_STRICT_PROTOTYPES = YES;
				CLANG_WARN_SUSPICIOUS_MOVE = YES;
				CLANG_WARN_UNGUARDED_AVAILABILITY = YES_AGGRESSIVE;
				CLANG_WARN_UNREACHABLE_CODE = YES;
				CLANG_WARN__DUPLICATE_METHOD_MATCH = YES;
				COPY_PHASE_STRIP = NO;
				DEBUG_INFORMATION_FORMAT = "dwarf-with-dsym";
				ENABLE_NS_ASSERTIONS = NO;
				ENABLE_STRICT_OBJC_MSGSEND = YES;
				GCC_C_LANGUAGE_STANDARD = gnu11;
				GCC_NO_COMMON_BLOCKS = YES;
				GCC_WARN_64_TO_32_BIT_CONVERSION = YES;
				GCC_WARN_ABOUT_RETURN_TYPE = YES_ERROR;
				GCC_WARN_UNDECLARED_SELECTOR = YES;
				GCC_WARN_UNINITIALIZED_AUTOS = YES_AGGRESSIVE;
				GCC_WARN_UNUSED_FUNCTION = YES;
				GCC_WARN_UNUSED_VARIABLE = YES;
				IPHONEOS_DEPLOYMENT_TARGET = 15.2;
				MTL_ENABLE_DEBUG_INFO = NO;
				MTL_FAST_MATH = YES;
				SDKROOT = iphoneos;
				SWIFT_COMPILATION_MODE = wholemodule;
				SWIFT_OPTIMIZATION_LEVEL = "-O";
				VALIDATE_PRODUCT = YES;
			};
			name = Release;
		};
		0BCDA46827CC4EE70076A987 /* Debug */ = {
			isa = XCBuildConfiguration;
			buildSettings = {
				ASSETCATALOG_COMPILER_APPICON_NAME = AppIcon;
				ASSETCATALOG_COMPILER_GLOBAL_ACCENT_COLOR_NAME = AccentColor;
				CODE_SIGN_STYLE = Automatic;
				CURRENT_PROJECT_VERSION = 1;
				DEVELOPMENT_TEAM = GPSKB5NXA9;
				GENERATE_INFOPLIST_FILE = YES;
				INFOPLIST_FILE = CodePathiOSClassAssignment1/Info.plist;
				INFOPLIST_KEY_UIApplicationSupportsIndirectInputEvents = YES;
				INFOPLIST_KEY_UILaunchStoryboardName = LaunchScreen;
				INFOPLIST_KEY_UIMainStoryboardFile = Main;
				INFOPLIST_KEY_UISupportedInterfaceOrientations_iPad = "UIInterfaceOrientationPortrait UIInterfaceOrientationPortraitUpsideDown UIInterfaceOrientationLandscapeLeft UIInterfaceOrientationLandscapeRight";
				INFOPLIST_KEY_UISupportedInterfaceOrientations_iPhone = "UIInterfaceOrientationPortrait UIInterfaceOrientationLandscapeLeft UIInterfaceOrientationLandscapeRight";
				LD_RUNPATH_SEARCH_PATHS = (
					"$(inherited)",
					"@executable_path/Frameworks",
				);
				MARKETING_VERSION = 1.0;
				PRODUCT_BUNDLE_IDENTIFIER = com.samarmajid.CodePathiOSClassAssignment1;
				PRODUCT_NAME = "$(TARGET_NAME)";
				SWIFT_EMIT_LOC_STRINGS = YES;
				SWIFT_VERSION = 5.0;
				TARGETED_DEVICE_FAMILY = "1,2";
			};
			name = Debug;
		};
		0BCDA46927CC4EE70076A987 /* Release */ = {
			isa = XCBuildConfiguration;
			buildSettings = {
				ASSETCATALOG_COMPILER_APPICON_NAME = AppIcon;
				ASSETCATALOG_COMPILER_GLOBAL_ACCENT_COLOR_NAME = AccentColor;
				CODE_SIGN_STYLE = Automatic;
				CURRENT_PROJECT_VERSION = 1;
				DEVELOPMENT_TEAM = GPSKB5NXA9;
				GENERATE_INFOPLIST_FILE = YES;
				INFOPLIST_FILE = CodePathiOSClassAssignment1/Info.plist;
				INFOPLIST_KEY_UIApplicationSupportsIndirectInputEvents = YES;
				INFOPLIST_KEY_UILaunchStoryboardName = LaunchScreen;
				INFOPLIST_KEY_UIMainStoryboardFile = Main;
				INFOPLIST_KEY_UISupportedInterfaceOrientations_iPad = "UIInterfaceOrientationPortrait UIInterfaceOrientationPortraitUpsideDown UIInterfaceOrientationLandscapeLeft UIInterfaceOrientationLandscapeRight";
				INFOPLIST_KEY_UISupportedInterfaceOrientations_iPhone = "UIInterfaceOrientationPortrait UIInterfaceOrientationLandscapeLeft UIInterfaceOrientationLandscapeRight";
				LD_RUNPATH_SEARCH_PATHS = (
					"$(inherited)",
					"@executable_path/Frameworks",
				);
				MARKETING_VERSION = 1.0;
				PRODUCT_BUNDLE_IDENTIFIER = com.samarmajid.CodePathiOSClassAssignment1;
				PRODUCT_NAME = "$(TARGET_NAME)";
				SWIFT_EMIT_LOC_STRINGS = YES;
				SWIFT_VERSION = 5.0;
				TARGETED_DEVICE_FAMILY = "1,2";
			};
			name = Release;
		};
		0BCDA46B27CC4EE70076A987 /* Debug */ = {
			isa = XCBuildConfiguration;
			buildSettings = {
				ALWAYS_EMBED_SWIFT_STANDARD_LIBRARIES = YES;
				BUNDLE_LOADER = "$(TEST_HOST)";
				CODE_SIGN_STYLE = Automatic;
				CURRENT_PROJECT_VERSION = 1;
				DEVELOPMENT_TEAM = GPSKB5NXA9;
				GENERATE_INFOPLIST_FILE = YES;
				IPHONEOS_DEPLOYMENT_TARGET = 15.2;
				MARKETING_VERSION = 1.0;
				PRODUCT_BUNDLE_IDENTIFIER = com.samarmajid.CodePathiOSClassAssignment1Tests;
				PRODUCT_NAME = "$(TARGET_NAME)";
				SWIFT_EMIT_LOC_STRINGS = NO;
				SWIFT_VERSION = 5.0;
				TARGETED_DEVICE_FAMILY = "1,2";
				TEST_HOST = "$(BUILT_PRODUCTS_DIR)/CodePathiOSClassAssignment1.app/CodePathiOSClassAssignment1";
			};
			name = Debug;
		};
		0BCDA46C27CC4EE70076A987 /* Release */ = {
			isa = XCBuildConfiguration;
			buildSettings = {
				ALWAYS_EMBED_SWIFT_STANDARD_LIBRARIES = YES;
				BUNDLE_LOADER = "$(TEST_HOST)";
				CODE_SIGN_STYLE = Automatic;
				CURRENT_PROJECT_VERSION = 1;
				DEVELOPMENT_TEAM = GPSKB5NXA9;
				GENERATE_INFOPLIST_FILE = YES;
				IPHONEOS_DEPLOYMENT_TARGET = 15.2;
				MARKETING_VERSION = 1.0;
				PRODUCT_BUNDLE_IDENTIFIER = com.samarmajid.CodePathiOSClassAssignment1Tests;
				PRODUCT_NAME = "$(TARGET_NAME)";
				SWIFT_EMIT_LOC_STRINGS = NO;
				SWIFT_VERSION = 5.0;
				TARGETED_DEVICE_FAMILY = "1,2";
				TEST_HOST = "$(BUILT_PRODUCTS_DIR)/CodePathiOSClassAssignment1.app/CodePathiOSClassAssignment1";
			};
			name = Release;
		};
		0BCDA46E27CC4EE70076A987 /* Debug */ = {
			isa = XCBuildConfiguration;
			buildSettings = {
				ALWAYS_EMBED_SWIFT_STANDARD_LIBRARIES = YES;
				CODE_SIGN_STYLE = Automatic;
				CURRENT_PROJECT_VERSION = 1;
				DEVELOPMENT_TEAM = GPSKB5NXA9;
				GENERATE_INFOPLIST_FILE = YES;
				MARKETING_VERSION = 1.0;
				PRODUCT_BUNDLE_IDENTIFIER = com.samarmajid.CodePathiOSClassAssignment1UITests;
				PRODUCT_NAME = "$(TARGET_NAME)";
				SWIFT_EMIT_LOC_STRINGS = NO;
				SWIFT_VERSION = 5.0;
				TARGETED_DEVICE_FAMILY = "1,2";
				TEST_TARGET_NAME = CodePathiOSClassAssignment1;
			};
			name = Debug;
		};
		0BCDA46F27CC4EE70076A987 /* Release */ = {
			isa = XCBuildConfiguration;
			buildSettings = {
				ALWAYS_EMBED_SWIFT_STANDARD_LIBRARIES = YES;
				CODE_SIGN_STYLE = Automatic;
				CURRENT_PROJECT_VERSION = 1;
				DEVELOPMENT_TEAM = GPSKB5NXA9;
				GENERATE_INFOPLIST_FILE = YES;
				MARKETING_VERSION = 1.0;
				PRODUCT_BUNDLE_IDENTIFIER = com.samarmajid.CodePathiOSClassAssignment1UITests;
				PRODUCT_NAME = "$(TARGET_NAME)";
				SWIFT_EMIT_LOC_STRINGS = NO;
				SWIFT_VERSION = 5.0;
				TARGETED_DEVICE_FAMILY = "1,2";
				TEST_TARGET_NAME = CodePathiOSClassAssignment1;
			};
			name = Release;
		};
/* End XCBuildConfiguration section */

/* Begin XCConfigurationList section */
		0BCDA43827CC4EE30076A987 /* Build configuration list for PBXProject "CodePathiOSClassAssignment1" */ = {
			isa = XCConfigurationList;
			buildConfigurations = (
				0BCDA46527CC4EE70076A987 /* Debug */,
				0BCDA46627CC4EE70076A987 /* Release */,
			);
			defaultConfigurationIsVisible = 0;
			defaultConfigurationName = Release;
		};
		0BCDA46727CC4EE70076A987 /* Build configuration list for PBXNativeTarget "CodePathiOSClassAssignment1" */ = {
			isa = XCConfigurationList;
			buildConfigurations = (
				0BCDA46827CC4EE70076A987 /* Debug */,
				0BCDA46927CC4EE70076A987 /* Release */,
			);
			defaultConfigurationIsVisible = 0;
			defaultConfigurationName = Release;
		};
		0BCDA46A27CC4EE70076A987 /* Build configuration list for PBXNativeTarget "CodePathiOSClassAssignment1Tests" */ = {
			isa = XCConfigurationList;
			buildConfigurations = (
				0BCDA46B27CC4EE70076A987 /* Debug */,
				0BCDA46C27CC4EE70076A987 /* Release */,
			);
			defaultConfigurationIsVisible = 0;
			defaultConfigurationName = Release;
		};
		0BCDA46D27CC4EE70076A987 /* Build configuration list for PBXNativeTarget "CodePathiOSClassAssignment1UITests" */ = {
			isa = XCConfigurationList;
			buildConfigurations = (
				0BCDA46E27CC4EE70076A987 /* Debug */,
				0BCDA46F27CC4EE70076A987 /* Release */,
			);
			defaultConfigurationIsVisible = 0;
			defaultConfigurationName = Release;
		};
/* End XCConfigurationList section */
	};
	rootObject = 0BCDA43527CC4EE30076A987 /* Project object */;
}
